
Microsoft Visual Studio Solution File, Format Version 11.00
# Visual Studio 2010
Project("{FAE04EC0-301F-11D3-BF4B-00C04F79EFBC}") = "Assembly-CSharp", "Assembly-CSharp.csproj", "{5105DA12-F293-AF11-7DA6-CD906B538C12}"
EndProject
Project("{FAE04EC0-301F-11D3-BF4B-00C04F79EFBC}") = "Assembly-CSharp-Editor", "Assembly-CSharp-Editor.csproj", "{4576B2BC-1059-8DB3-A959-7A2F5CB2B079}"
EndProject
Global
	GlobalSection(SolutionConfigurationPlatforms) = preSolution
		Debug|Any CPU = Debug|Any CPU
		Release|Any CPU = Release|Any CPU
	EndGlobalSection
	GlobalSection(ProjectConfigurationPlatforms) = postSolution
		{5105DA12-F293-AF11-7DA6-CD906B538C12}.Debug|Any CPU.ActiveCfg = Debug|Any CPU
		{5105DA12-F293-AF11-7DA6-CD906B538C12}.Debug|Any CPU.Build.0 = Debug|Any CPU
		{5105DA12-F293-AF11-7DA6-CD906B538C12}.Release|Any CPU.ActiveCfg = Release|Any CPU
		{5105DA12-F293-AF11-7DA6-CD906B538C12}.Release|Any CPU.Build.0 = Release|Any CPU
		{4576B2BC-1059-8DB3-A959-7A2F5CB2B079}.Debug|Any CPU.ActiveCfg = Debug|Any CPU
		{4576B2BC-1059-8DB3-A959-7A2F5CB2B079}.Debug|Any CPU.Build.0 = Debug|Any CPU
		{4576B2BC-1059-8DB3-A959-7A2F5CB2B079}.Release|Any CPU.ActiveCfg = Release|Any CPU
		{4576B2BC-1059-8DB3-A959-7A2F5CB2B079}.Release|Any CPU.Build.0 = Release|Any CPU
	EndGlobalSection
	GlobalSection(SolutionProperties) = preSolution
		HideSolutionNode = FALSE
	EndGlobalSection
	GlobalSection(MonoDevelopProperties) = preSolution
		StartupItem = Assembly-CSharp.csproj
	EndGlobalSection
EndGlobal
